
Microsoft Visual Studio Solution File, Format Version 12.00
# Visual Studio Version 17
VisualStudioVersion = 17.0.31903.59
MinimumVisualStudioVersion = 10.0.40219.1
Project("{FAE04EC0-301F-11D3-BF4B-00C04F79EFBC}") = "Beztek.Facade.Queue", "QueueFacade\Beztek.Facade.Queue.csproj", "{72C1B26E-45AD-419E-9D8D-77E4661E966E}"
EndProject
Project("{FAE04EC0-301F-11D3-BF4B-00C04F79EFBC}") = "Beztek.Facade.Queue.Tests", "QueueFacade.Tests\Beztek.Facade.Queue.Tests.csproj", "{3DA53085-968C-40EA-BA95-B222B09F5D4B}"
EndProject
Global
	GlobalSection(SolutionConfigurationPlatforms) = preSolution
		Debug|Any CPU = Debug|Any CPU
		Release|Any CPU = Release|Any CPU
	EndGlobalSection
	GlobalSection(SolutionProperties) = preSolution
		HideSolutionNode = FALSE
	EndGlobalSection
	GlobalSection(ProjectConfigurationPlatforms) = postSolution
		{72C1B26E-45AD-419E-9D8D-77E4661E966E}.Debug|Any CPU.ActiveCfg = Debug|Any CPU
		{72C1B26E-45AD-419E-9D8D-77E4661E966E}.Debug|Any CPU.Build.0 = Debug|Any CPU
		{72C1B26E-45AD-419E-9D8D-77E4661E966E}.Release|Any CPU.ActiveCfg = Release|Any CPU
		{72C1B26E-45AD-419E-9D8D-77E4661E966E}.Release|Any CPU.Build.0 = Release|Any CPU
		{3DA53085-968C-40EA-BA95-B222B09F5D4B}.Debug|Any CPU.ActiveCfg = Debug|Any CPU
		{3DA53085-968C-40EA-BA95-B222B09F5D4B}.Debug|Any CPU.Build.0 = Debug|Any CPU
		{3DA53085-968C-40EA-BA95-B222B09F5D4B}.Release|Any CPU.ActiveCfg = Release|Any CPU
		{3DA53085-968C-40EA-BA95-B222B09F5D4B}.Release|Any CPU.Build.0 = Release|Any CPU
	EndGlobalSection
EndGlobal
